
Microsoft Visual Studio Solution File, Format Version 12.00
# Visual Studio 15
VisualStudioVersion = 15.0.28307.779
MinimumVisualStudioVersion = 10.0.40219.1
Project("{FAE04EC0-301F-11D3-BF4B-00C04F79EFBC}") = "MarjiGateway.Web.Api", "MarjiGateway\MarjiGateway.Web.Api.csproj", "{3FC19D65-ED55-4D6F-93C9-79FE9FA45DA8}"
	ProjectSection(ProjectDependencies) = postProject
		{D0636DE9-9190-40EF-BDC3-A303B424CB98} = {D0636DE9-9190-40EF-BDC3-A303B424CB98}
	EndProjectSection
EndProject
Project("{FAE04EC0-301F-11D3-BF4B-00C04F79EFBC}") = "MarjiGateway.Application", "MarjiGateway.Application\MarjiGateway.Application.csproj", "{D0636DE9-9190-40EF-BDC3-A303B424CB98}"
EndProject
Global
	GlobalSection(SolutionConfigurationPlatforms) = preSolution
		Debug|Any CPU = Debug|Any CPU
		Release|Any CPU = Release|Any CPU
	EndGlobalSection
	GlobalSection(ProjectConfigurationPlatforms) = postSolution
		{3FC19D65-ED55-4D6F-93C9-79FE9FA45DA8}.Debug|Any CPU.ActiveCfg = Debug|Any CPU
		{3FC19D65-ED55-4D6F-93C9-79FE9FA45DA8}.Debug|Any CPU.Build.0 = Debug|Any CPU
		{3FC19D65-ED55-4D6F-93C9-79FE9FA45DA8}.Release|Any CPU.ActiveCfg = Release|Any CPU
		{3FC19D65-ED55-4D6F-93C9-79FE9FA45DA8}.Release|Any CPU.Build.0 = Release|Any CPU
		{D0636DE9-9190-40EF-BDC3-A303B424CB98}.Debug|Any CPU.ActiveCfg = Debug|Any CPU
		{D0636DE9-9190-40EF-BDC3-A303B424CB98}.Debug|Any CPU.Build.0 = Debug|Any CPU
		{D0636DE9-9190-40EF-BDC3-A303B424CB98}.Release|Any CPU.ActiveCfg = Release|Any CPU
		{D0636DE9-9190-40EF-BDC3-A303B424CB98}.Release|Any CPU.Build.0 = Release|Any CPU
	EndGlobalSection
	GlobalSection(SolutionProperties) = preSolution
		HideSolutionNode = FALSE
	EndGlobalSection
	GlobalSection(ExtensibilityGlobals) = postSolution
		SolutionGuid = {438F3DCF-CC12-4E65-A3B7-B06713943B9A}
	EndGlobalSection
EndGlobal
